
Microsoft Visual Studio Solution File, Format Version 12.00
# Visual Studio Version 17
VisualStudioVersion = 17.4.33103.184
MinimumVisualStudioVersion = 10.0.40219.1
Project("{FAE04EC0-301F-11D3-BF4B-00C04F79EFBC}") = "TeacherMicroservice", "TeacherMicroservice\TeacherMicroservice.csproj", "{FA76388F-F238-4DF9-8E51-BE31547EF4E3}"
EndProject
Global
	GlobalSection(SolutionConfigurationPlatforms) = preSolution
		Debug|Any CPU = Debug|Any CPU
		Release|Any CPU = Release|Any CPU
	EndGlobalSection
	GlobalSection(ProjectConfigurationPlatforms) = postSolution
		{FA76388F-F238-4DF9-8E51-BE31547EF4E3}.Debug|Any CPU.ActiveCfg = Debug|Any CPU
		{FA76388F-F238-4DF9-8E51-BE31547EF4E3}.Debug|Any CPU.Build.0 = Debug|Any CPU
		{FA76388F-F238-4DF9-8E51-BE31547EF4E3}.Release|Any CPU.ActiveCfg = Release|Any CPU
		{FA76388F-F238-4DF9-8E51-BE31547EF4E3}.Release|Any CPU.Build.0 = Release|Any CPU
	EndGlobalSection
	GlobalSection(SolutionProperties) = preSolution
		HideSolutionNode = FALSE
	EndGlobalSection
	GlobalSection(ExtensibilityGlobals) = postSolution
		SolutionGuid = {BD84ABA9-55C7-42DA-8386-52D1B03A518E}
	EndGlobalSection
EndGlobal
